// !$*UTF8*$!
{
	archiveVersion = 1;
	classes = {
	};
	objectVersion = 48;
	objects = {

/* Begin PBXBuildFile section */
		339C00AD2048F49100B3CBBC /* AppDelegate.m in Sources */ = {isa = PBXBuildFile; fileRef = 339C00AC2048F49100B3CBBC /* AppDelegate.m */; };
		339C00B02048F49100B3CBBC /* ViewController.m in Sources */ = {isa = PBXBuildFile; fileRef = 339C00AF2048F49100B3CBBC /* ViewController.m */; };
		339C00B32048F49100B3CBBC /* Main.storyboard in Resources */ = {isa = PBXBuildFile; fileRef = 339C00B12048F49100B3CBBC /* Main.storyboard */; };
		339C00B52048F49100B3CBBC /* Assets.xcassets in Resources */ = {isa = PBXBuildFile; fileRef = 339C00B42048F49100B3CBBC /* Assets.xcassets */; };
		339C00B82048F49100B3CBBC /* LaunchScreen.storyboard in Resources */ = {isa = PBXBuildFile; fileRef = 339C00B62048F49100B3CBBC /* LaunchScreen.storyboard */; };
		339C00BB2048F49100B3CBBC /* main.m in Sources */ = {isa = PBXBuildFile; fileRef = 339C00BA2048F49100B3CBBC /* main.m */; };
		339C00CE2048FA1F00B3CBBC /* README.md in Resources */ = {isa = PBXBuildFile; fileRef = 339C00CB2048FA1F00B3CBBC /* README.md */; };
		339C00D02048FA1F00B3CBBC /* LICENSE in Resources */ = {isa = PBXBuildFile; fileRef = 339C00CD2048FA1F00B3CBBC /* LICENSE */; };
		339C00D22048FACA00B3CBBC /* mxhComposite.podspec in Resources */ = {isa = PBXBuildFile; fileRef = 339C00D12048FAC900B3CBBC /* mxhComposite.podspec */; };
		4625ACB76F044ED41B282794 /* Pods_mxhComposite.framework in Frameworks */ = {isa = PBXBuildFile; fileRef = 0837B2276D230A2088E4A396 /* Pods_mxhComposite.framework */; };
/* End PBXBuildFile section */

/* Begin PBXFileReference section */
		0837B2276D230A2088E4A396 /* Pods_mxhComposite.framework */ = {isa = PBXFileReference; explicitFileType = wrapper.framework; includeInIndex = 0; path = Pods_mxhComposite.framework; sourceTree = BUILT_PRODUCTS_DIR; };
		339C00A82048F49100B3CBBC /* mxhComposite.app */ = {isa = PBXFileReference; explicitFileType = wrapper.application; includeInIndex = 0; path = mxhComposite.app; sourceTree = BUILT_PRODUCTS_DIR; };
		339C00AB2048F49100B3CBBC /* AppDelegate.h */ = {isa = PBXFileReference; lastKnownFileType = sourcecode.c.h; path = AppDelegate.h; sourceTree = "<group>"; };
		339C00AC2048F49100B3CBBC /* AppDelegate.m */ = {isa = PBXFileReference; lastKnownFileType = sourcecode.c.objc; path = AppDelegate.m; sourceTree = "<group>"; };
		339C00AE2048F49100B3CBBC /* ViewController.h */ = {isa = PBXFileReference; lastKnownFileType = sourcecode.c.h; path = ViewController.h; sourceTree = "<group>"; };
		339C00AF2048F49100B3CBBC /* ViewController.m */ = {isa = PBXFileReference; lastKnownFileType = sourcecode.c.objc; path = ViewController.m; sourceTree = "<group>"; };
		339C00B22048F49100B3CBBC /* Base */ = {isa = PBXFileReference; lastKnownFileType = file.storyboard; name = Base; path = Base.lproj/Main.storyboard; sourceTree = "<group>"; };
		339C00B42048F49100B3CBBC /* Assets.xcassets */ = {isa = PBXFileReference; lastKnownFileType = folder.assetcatalog; path = Assets.xcassets; sourceTree = "<group>"; };
		339C00B72048F49100B3CBBC /* Base */ = {isa = PBXFileReference; lastKnownFileType = file.storyboard; name = Base; path = Base.lproj/LaunchScreen.storyboard; sourceTree = "<group>"; };
		339C00B92048F49100B3CBBC /* Info.plist */ = {isa = PBXFileReference; lastKnownFileType = text.plist.xml; path = Info.plist; sourceTree = "<group>"; };
		339C00BA2048F49100B3CBBC /* main.m */ = {isa = PBXFileReference; lastKnownFileType = sourcecode.c.objc; path = main.m; sourceTree = "<group>"; };
		339C00CB2048FA1F00B3CBBC /* README.md */ = {isa = PBXFileReference; fileEncoding = 4; lastKnownFileType = net.daringfireball.markdown; name = README.md; path = ../README.md; sourceTree = "<group>"; };
		339C00CD2048FA1F00B3CBBC /* LICENSE */ = {isa = PBXFileReference; fileEncoding = 4; lastKnownFileType = text; name = LICENSE; path = ../LICENSE; sourceTree = "<group>"; };
		339C00D12048FAC900B3CBBC /* mxhComposite.podspec */ = {isa = PBXFileReference; fileEncoding = 4; lastKnownFileType = text; name = mxhComposite.podspec; path = ../mxhComposite.podspec; sourceTree = "<group>"; };
		9FDF58FD7DAD117904A1F7FB /* Pods-mxhComposite.debug.xcconfig */ = {isa = PBXFileReference; includeInIndex = 1; lastKnownFileType = text.xcconfig; name = "Pods-mxhComposite.debug.xcconfig"; path = "Pods/Target Support Files/Pods-mxhComposite/Pods-mxhComposite.debug.xcconfig"; sourceTree = "<group>"; };
		AD51CF50116A4437E820F217 /* Pods-mxhComposite.release.xcconfig */ = {isa = PBXFileReference; includeInIndex = 1; lastKnownFileType = text.xcconfig; name = "Pods-mxhComposite.release.xcconfig"; path = "Pods/Target Support Files/Pods-mxhComposite/Pods-mxhComposite.release.xcconfig"; sourceTree = "<group>"; };
/* End PBXFileReference section */

/* Begin PBXFrameworksBuildPhase section */
		339C00A52048F49100B3CBBC /* Frameworks */ = {
			isa = PBXFrameworksBuildPhase;
			buildActionMask = 2147483647;
			files = (
				4625ACB76F044ED41B282794 /* Pods_mxhComposite.framework in Frameworks */,
			);
			runOnlyForDeploymentPostprocessing = 0;
		};
/* End PBXFrameworksBuildPhase section */

/* Begin PBXGroup section */
		339C009F2048F49100B3CBBC = {
			isa = PBXGroup;
			children = (
				339C00D12048FAC900B3CBBC /* mxhComposite.podspec */,
				339C00CD2048FA1F00B3CBBC /* LICENSE */,
				339C00CB2048FA1F00B3CBBC /* README.md */,
				339C00AA2048F49100B3CBBC /* mxhComposite */,
				339C00A92048F49100B3CBBC /* Products */,
				DA7C30952B3A2D0C8B40C74B /* Pods */,
				CF0649C502CD48E973BD59F0 /* Frameworks */,
			);
			sourceTree = "<group>";
		};
		339C00A92048F49100B3CBBC /* Products */ = {
			isa = PBXGroup;
			children = (
				339C00A82048F49100B3CBBC /* mxhComposite.app */,
			);
			name = Products;
			sourceTree = "<group>";
		};
		339C00AA2048F49100B3CBBC /* mxhComposite */ = {
			isa = PBXGroup;
			children = (
				339C00AB2048F49100B3CBBC /* AppDelegate.h */,
				339C00AC2048F49100B3CBBC /* AppDelegate.m */,
				339C00AE2048F49100B3CBBC /* ViewController.h */,
				339C00AF2048F49100B3CBBC /* ViewController.m */,
				339C00B12048F49100B3CBBC /* Main.storyboard */,
				339C00B42048F49100B3CBBC /* Assets.xcassets */,
				339C00B62048F49100B3CBBC /* LaunchScreen.storyboard */,
				339C00B92048F49100B3CBBC /* Info.plist */,
				339C00BA2048F49100B3CBBC /* main.m */,
			);
			path = mxhComposite;
			sourceTree = "<group>";
		};
		CF0649C502CD48E973BD59F0 /* Frameworks */ = {
			isa = PBXGroup;
			children = (
				0837B2276D230A2088E4A396 /* Pods_mxhComposite.framework */,
			);
			name = Frameworks;
			sourceTree = "<group>";
		};
		DA7C30952B3A2D0C8B40C74B /* Pods */ = {
			isa = PBXGroup;
			children = (
				9FDF58FD7DAD117904A1F7FB /* Pods-mxhComposite.debug.xcconfig */,
				AD51CF50116A4437E820F217 /* Pods-mxhComposite.release.xcconfig */,
			);
			name = Pods;
			sourceTree = "<group>";
		};
/* End PBXGroup section */

/* Begin PBXNativeTarget section */
		339C00A72048F49100B3CBBC /* mxhComposite */ = {
			isa = PBXNativeTarget;
			buildConfigurationList = 339C00BE2048F49100B3CBBC /* Build configuration list for PBXNativeTarget "mxhComposite" */;
			buildPhases = (
				0356DC20466244226A97948F /* [CP] Check Pods Manifest.lock */,
				339C00A42048F49100B3CBBC /* Sources */,
				339C00A52048F49100B3CBBC /* Frameworks */,
				339C00A62048F49100B3CBBC /* Resources */,
				61A70BF72F425186645DF34D /* [CP] Embed Pods Frameworks */,
				F0B1DDED2ECB504F3657EE12 /* [CP] Copy Pods Resources */,
			);
			buildRules = (
			);
			dependencies = (
			);
			name = mxhComposite;
			productName = mxhComposite;
			productReference = 339C00A82048F49100B3CBBC /* mxhComposite.app */;
			productType = "com.apple.product-type.application";
		};
/* End PBXNativeTarget section */

/* Begin PBXProject section */
		339C00A02048F49100B3CBBC /* Project object */ = {
			isa = PBXProject;
			attributes = {
				LastUpgradeCheck = 0920;
				ORGANIZATIONNAME = maomao;
				TargetAttributes = {
					339C00A72048F49100B3CBBC = {
						CreatedOnToolsVersion = 9.2;
						ProvisioningStyle = Automatic;
					};
				};
			};
			buildConfigurationList = 339C00A32048F49100B3CBBC /* Build configuration list for PBXProject "mxhComposite" */;
			compatibilityVersion = "Xcode 8.0";
			developmentRegion = en;
			hasScannedForEncodings = 0;
			knownRegions = (
				en,
				Base,
			);
			mainGroup = 339C009F2048F49100B3CBBC;
			productRefGroup = 339C00A92048F49100B3CBBC /* Products */;
			projectDirPath = "";
			projectRoot = "";
			targets = (
				339C00A72048F49100B3CBBC /* mxhComposite */,
			);
		};
/* End PBXProject section */

/* Begin PBXResourcesBuildPhase section */
		339C00A62048F49100B3CBBC /* Resources */ = {
			isa = PBXResourcesBuildPhase;
			buildActionMask = 2147483647;
			files = (
				339C00D02048FA1F00B3CBBC /* LICENSE in Resources */,
				339C00B82048F49100B3CBBC /* LaunchScreen.storyboard in Resources */,
				339C00B52048F49100B3CBBC /* Assets.xcassets in Resources */,
				339C00CE2048FA1F00B3CBBC /* README.md in Resources */,
				339C00D22048FACA00B3CBBC /* mxhComposite.podspec in Resources */,
				339C00B32048F49100B3CBBC /* Main.storyboard in Resources */,
			);
			runOnlyForDeploymentPostprocessing = 0;
		};
/* End PBXResourcesBuildPhase section */

/* Begin PBXShellScriptBuildPhase section */
		0356DC20466244226A97948F /* [CP] Check Pods Manifest.lock */ = {
			isa = PBXShellScriptBuildPhase;
			buildActionMask = 2147483647;
			files = (
			);
			inputPaths = (
				"${PODS_PODFILE_DIR_PATH}/Podfile.lock",
				"${PODS_ROOT}/Manifest.lock",
			);
			name = "[CP] Check Pods Manifest.lock";
			outputPaths = (
				"$(DERIVED_FILE_DIR)/Pods-mxhComposite-checkManifestLockResult.txt",
			);
			runOnlyForDeploymentPostprocessing = 0;
			shellPath = /bin/sh;
			shellScript = "diff \"${PODS_PODFILE_DIR_PATH}/Podfile.lock\" \"${PODS_ROOT}/Manifest.lock\" > /dev/null\nif [ $? != 0 ] ; then\n    # print error to STDERR\n    echo \"error: The sandbox is not in sync with the Podfile.lock. Run 'pod install' or update your CocoaPods installation.\" >&2\n    exit 1\nfi\n# This output is used by Xcode 'outputs' to avoid re-running this script phase.\necho \"SUCCESS\" > \"${SCRIPT_OUTPUT_FILE_0}\"\n";
			showEnvVarsInLog = 0;
		};
		61A70BF72F425186645DF34D /* [CP] Embed Pods Frameworks */ = {
			isa = PBXShellScriptBuildPhase;
			buildActionMask = 2147483647;
			files = (
			);
			inputPaths = (
				"${SRCROOT}/Pods/Target Support Files/Pods-mxhComposite/Pods-mxhComposite-frameworks.sh",
				"${BUILT_PRODUCTS_DIR}/mxhComposite/mxhComposite.framework",
				"${BUILT_PRODUCTS_DIR}/mxhGadgets/mxhGadgets.framework",
			);
			name = "[CP] Embed Pods Frameworks";
			outputPaths = (
				"${TARGET_BUILD_DIR}/${FRAMEWORKS_FOLDER_PATH}/mxhComposite.framework",
				"${TARGET_BUILD_DIR}/${FRAMEWORKS_FOLDER_PATH}/mxhGadgets.framework",
			);
			runOnlyForDeploymentPostprocessing = 0;
			shellPath = /bin/sh;
			shellScript = "\"${SRCROOT}/Pods/Target Support Files/Pods-mxhComposite/Pods-mxhComposite-frameworks.sh\"\n";
			showEnvVarsInLog = 0;
		};
		F0B1DDED2ECB504F3657EE12 /* [CP] Copy Pods Resources */ = {
			isa = PBXShellScriptBuildPhase;
			buildActionMask = 2147483647;
			files = (
			);
			inputPaths = (
			);
			name = "[CP] Copy Pods Resources";
			outputPaths = (
			);
			runOnlyForDeploymentPostprocessing = 0;
			shellPath = /bin/sh;
			shellScript = "\"${SRCROOT}/Pods/Target Support Files/Pods-mxhComposite/Pods-mxhComposite-resources.sh\"\n";
			showEnvVarsInLog = 0;
		};
/* End PBXShellScriptBuildPhase section */

/* Begin PBXSourcesBuildPhase section */
		339C00A42048F49100B3CBBC /* Sources */ = {
			isa = PBXSourcesBuildPhase;
			buildActionMask = 2147483647;
			files = (
				339C00B02048F49100B3CBBC /* ViewController.m in Sources */,
				339C00BB2048F49100B3CBBC /* main.m in Sources */,
				339C00AD2048F49100B3CBBC /* AppDelegate.m in Sources */,
			);
			runOnlyForDeploymentPostprocessing = 0;
		};
/* End PBXSourcesBuildPhase section */

/* Begin PBXVariantGroup section */
		339C00B12048F49100B3CBBC /* Main.storyboard */ = {
			isa = PBXVariantGroup;
			children = (
				339C00B22048F49100B3CBBC /* Base */,
			);
			name = Main.storyboard;
			sourceTree = "<group>";
		};
		339C00B62048F49100B3CBBC /* LaunchScreen.storyboard */ = {
			isa = PBXVariantGroup;
			children = (
				339C00B72048F49100B3CBBC /* Base */,
			);
			name = LaunchScreen.storyboard;
			sourceTree = "<group>";
		};
/* End PBXVariantGroup section */

/* Begin XCBuildConfiguration section */
		339C00BC2048F49100B3CBBC /* Debug */ = {
			isa = XCBuildConfiguration;
			buildSettings = {
				ALWAYS_SEARCH_USER_PATHS = NO;
				CLANG_ANALYZER_NONNULL = YES;
				CLANG_ANALYZER_NUMBER_OBJECT_CONVERSION = YES_AGGRESSIVE;
				CLANG_CXX_LANGUAGE_STANDARD = "gnu++14";
				CLANG_CXX_LIBRARY = "libc++";
				CLANG_ENABLE_MODULES = YES;
				CLANG_ENABLE_OBJC_ARC = YES;
				CLANG_WARN_BLOCK_CAPTURE_AUTORELEASING = YES;
				CLANG_WARN_BOOL_CONVERSION = YES;
				CLANG_WARN_COMMA = YES;
				CLANG_WARN_CONSTANT_CONVERSION = YES;
				CLANG_WARN_DIRECT_OBJC_ISA_USAGE = YES_ERROR;
				CLANG_WARN_DOCUMENTATION_COMMENTS = YES;
				CLANG_WARN_EMPTY_BODY = YES;
				CLANG_WARN_ENUM_CONVERSION = YES;
				CLANG_WARN_INFINITE_RECURSION = YES;
				CLANG_WARN_INT_CONVERSION = YES;
				CLANG_WARN_NON_LITERAL_NULL_CONVERSION = YES;
				CLANG_WARN_OBJC_LITERAL_CONVERSION = YES;
				CLANG_WARN_OBJC_ROOT_CLASS = YES_ERROR;
				CLANG_WARN_RANGE_LOOP_ANALYSIS = YES;
				CLANG_WARN_STRICT_PROTOTYPES = YES;
				CLANG_WARN_SUSPICIOUS_MOVE = YES;
				CLANG_WARN_UNGUARDED_AVAILABILITY = YES_AGGRESSIVE;
				CLANG_WARN_UNREACHABLE_CODE = YES;
				CLANG_WARN__DUPLICATE_METHOD_MATCH = YES;
				CODE_SIGN_IDENTITY = "iPhone Developer";
				COPY_PHASE_STRIP = NO;
				DEBUG_INFORMATION_FORMAT = dwarf;
				ENABLE_STRICT_OBJC_MSGSEND = YES;
				ENABLE_TESTABILITY = YES;
				GCC_C_LANGUAGE_STANDARD = gnu11;
				GCC_DYNAMIC_NO_PIC = NO;
				GCC_NO_COMMON_BLOCKS = YES;
				GCC_OPTIMIZATION_LEVEL = 0;
				GCC_PREPROCESSOR_DEFINITIONS = (
					"DEBUG=1",
					"$(inherited)",
				);
				GCC_WARN_64_TO_32_BIT_CONVERSION = YES;
				GCC_WARN_ABOUT_RETURN_TYPE = YES_ERROR;
				GCC_WARN_UNDECLARED_SELECTOR = YES;
				GCC_WARN_UNINITIALIZED_AUTOS = YES_AGGRESSIVE;
				GCC_WARN_UNUSED_FUNCTION = YES;
				GCC_WARN_UNUSED_VARIABLE = YES;
				IPHONEOS_DEPLOYMENT_TARGET = 11.2;
				MTL_ENABLE_DEBUG_INFO = YES;
				ONLY_ACTIVE_ARCH = YES;
				SDKROOT = iphoneos;
			};
			name = Debug;
		};
		339C00BD2048F49100B3CBBC /* Release */ = {
			isa = XCBuildConfiguration;
			buildSettings = {
				ALWAYS_SEARCH_USER_PATHS = NO;
				CLANG_ANALYZER_NONNULL = YES;
				CLANG_ANALYZER_NUMBER_OBJECT_CONVERSION = YES_AGGRESSIVE;
				CLANG_CXX_LANGUAGE_STANDARD = "gnu++14";
				CLANG_CXX_LIBRARY = "libc++";
				CLANG_ENABLE_MODULES = YES;
				CLANG_ENABLE_OBJC_ARC = YES;
				CLANG_WARN_BLOCK_CAPTURE_AUTORELEASING = YES;
				CLANG_WARN_BOOL_CONVERSION = YES;
				CLANG_WARN_COMMA = YES;
				CLANG_WARN_CONSTANT_CONVERSION = YES;
				CLANG_WARN_DIRECT_OBJC_ISA_USAGE = YES_ERROR;
				CLANG_WARN_DOCUMENTATION_COMMENTS = YES;
				CLANG_WARN_EMPTY_BODY = YES;
				CLANG_WARN_ENUM_CONVERSION = YES;
				CLANG_WARN_INFINITE_RECURSION = YES;
				CLANG_WARN_INT_CONVERSION = YES;
				CLANG_WARN_NON_LITERAL_NULL_CONVERSION = YES;
				CLANG_WARN_OBJC_LITERAL_CONVERSION = YES;
				CLANG_WARN_OBJC_ROOT_CLASS = YES_ERROR;
				CLANG_WARN_RANGE_LOOP_ANALYSIS = YES;
				CLANG_WARN_STRICT_PROTOTYPES = YES;
				CLANG_WARN_SUSPICIOUS_MOVE = YES;
				CLANG_WARN_UNGUARDED_AVAILABILITY = YES_AGGRESSIVE;
				CLANG_WARN_UNREACHABLE_CODE = YES;
				CLANG_WARN__DUPLICATE_METHOD_MATCH = YES;
				CODE_SIGN_IDENTITY = "iPhone Developer";
				COPY_PHASE_STRIP = NO;
				DEBUG_INFORMATION_FORMAT = "dwarf-with-dsym";
				ENABLE_NS_ASSERTIONS = NO;
				ENABLE_STRICT_OBJC_MSGSEND = YES;
				GCC_C_LANGUAGE_STANDARD = gnu11;
				GCC_NO_COMMON_BLOCKS = YES;
				GCC_WARN_64_TO_32_BIT_CONVERSION = YES;
				GCC_WARN_ABOUT_RETURN_TYPE = YES_ERROR;
				GCC_WARN_UNDECLARED_SELECTOR = YES;
				GCC_WARN_UNINITIALIZED_AUTOS = YES_AGGRESSIVE;
				GCC_WARN_UNUSED_FUNCTION = YES;
				GCC_WARN_UNUSED_VARIABLE = YES;
				IPHONEOS_DEPLOYMENT_TARGET = 11.2;
				MTL_ENABLE_DEBUG_INFO = NO;
				SDKROOT = iphoneos;
				VALIDATE_PRODUCT = YES;
			};
			name = Release;
		};
		339C00BF2048F49100B3CBBC /* Debug */ = {
			isa = XCBuildConfiguration;
			baseConfigurationReference = 9FDF58FD7DAD117904A1F7FB /* Pods-mxhComposite.debug.xcconfig */;
			buildSettings = {
				ASSETCATALOG_COMPILER_APPICON_NAME = AppIcon;
				CODE_SIGN_STYLE = Automatic;
				DEVELOPMENT_TEAM = 4JE6WF3V9D;
				INFOPLIST_FILE = mxhComposite/Info.plist;
				IPHONEOS_DEPLOYMENT_TARGET = 10.0;
				LD_RUNPATH_SEARCH_PATHS = "$(inherited) @executable_path/Frameworks";
				PRODUCT_BUNDLE_IDENTIFIER = maoxiaohong.mxhComposite;
				PRODUCT_NAME = "$(TARGET_NAME)";
				TARGETED_DEVICE_FAMILY = "1,2";
			};
			name = Debug;
		};
		339C00C02048F49100B3CBBC /* Release */ = {
			isa = XCBuildConfiguration;
			baseConfigurationReference = AD51CF50116A4437E820F217 /* Pods-mxhComposite.release.xcconfig */;
			buildSettings = {
				ASSETCATALOG_COMPILER_APPICON_NAME = AppIcon;
				CODE_SIGN_STYLE = Automatic;
				DEVELOPMENT_TEAM = 4JE6WF3V9D;
				INFOPLIST_FILE = mxhComposite/Info.plist;
				IPHONEOS_DEPLOYMENT_TARGET = 10.0;
				LD_RUNPATH_SEARCH_PATHS = "$(inherited) @executable_path/Frameworks";
				PRODUCT_BUNDLE_IDENTIFIER = maoxiaohong.mxhComposite;
				PRODUCT_NAME = "$(TARGET_NAME)";
				TARGETED_DEVICE_FAMILY = "1,2";
			};
			name = Release;
		};
/* End XCBuildConfiguration section */

/* Begin XCConfigurationList section */
		339C00A32048F49100B3CBBC /* Build configuration list for PBXProject "mxhComposite" */ = {
			isa = XCConfigurationList;
			buildConfigurations = (
				339C00BC2048F49100B3CBBC /* Debug */,
				339C00BD2048F49100B3CBBC /* Release */,
			);
			defaultConfigurationIsVisible = 0;
			defaultConfigurationName = Release;
		};
		339C00BE2048F49100B3CBBC /* Build configuration list for PBXNativeTarget "mxhComposite" */ = {
			isa = XCConfigurationList;
			buildConfigurations = (
				339C00BF2048F49100B3CBBC /* Debug */,
				339C00C02048F49100B3CBBC /* Release */,
			);
			defaultConfigurationIsVisible = 0;
			defaultConfigurationName = Release;
		};
/* End XCConfigurationList section */
	};
	rootObject = 339C00A02048F49100B3CBBC /* Project object */;
}
